// !$*UTF8*$!
{
	archiveVersion = 1;
	classes = {
	};
	objectVersion = 56;
	objects = {

/* Begin PBXBuildFile section */
		08C10D292C19B872004EADE3 /* DailyWeatherView.swift in Sources */ = {isa = PBXBuildFile; fileRef = 08C10D282C19B872004EADE3 /* DailyWeatherView.swift */; };
		08C10D2B2C19F1B2004EADE3 /* DetailsInfoForCurrentWeather.swift in Sources */ = {isa = PBXBuildFile; fileRef = 08C10D2A2C19F1B2004EADE3 /* DetailsInfoForCurrentWeather.swift */; };
		08C10D2D2C19F215004EADE3 /* LocationPicker.swift in Sources */ = {isa = PBXBuildFile; fileRef = 08C10D2C2C19F215004EADE3 /* LocationPicker.swift */; };
		3B9B5A962C1A22A7009CBAFC /* Snow.sks in Resources */ = {isa = PBXBuildFile; fileRef = 3B9B5A952C1A22A6009CBAFC /* Snow.sks */; };
		3B9B5A982C1A22B1009CBAFC /* Stars.sks in Resources */ = {isa = PBXBuildFile; fileRef = 3B9B5A972C1A22B1009CBAFC /* Stars.sks */; };
		3B9B5A9B2C1A22F9009CBAFC /* RainView.swift in Sources */ = {isa = PBXBuildFile; fileRef = 3B9B5A9A2C1A22F9009CBAFC /* RainView.swift */; };
		3B9B5A9D2C1A234D009CBAFC /* StarsView.swift in Sources */ = {isa = PBXBuildFile; fileRef = 3B9B5A9C2C1A234D009CBAFC /* StarsView.swift */; };
		3B9B5A9F2C1A2384009CBAFC /* SnowView.swift in Sources */ = {isa = PBXBuildFile; fileRef = 3B9B5A9E2C1A2384009CBAFC /* SnowView.swift */; };
		3B9B5AA32C1A26F8009CBAFC /* RainFall.sks in Resources */ = {isa = PBXBuildFile; fileRef = 3B9B5AA22C1A26F8009CBAFC /* RainFall.sks */; };
		873698142C1A4E4300918560 /* BriefWeather.swift in Sources */ = {isa = PBXBuildFile; fileRef = 873698132C1A4E4300918560 /* BriefWeather.swift */; };
		873698162C1A50A000918560 /* CityAndWeather.swift in Sources */ = {isa = PBXBuildFile; fileRef = 873698152C1A50A000918560 /* CityAndWeather.swift */; };
		87ED7C8F2C18DA8D000B98F9 /* Collaboration2App.swift in Sources */ = {isa = PBXBuildFile; fileRef = 87ED7C8E2C18DA8D000B98F9 /* Collaboration2App.swift */; };
		87ED7C932C18DA8D000B98F9 /* City.swift in Sources */ = {isa = PBXBuildFile; fileRef = 87ED7C922C18DA8D000B98F9 /* City.swift */; };
		87ED7C952C18DA8F000B98F9 /* Assets.xcassets in Resources */ = {isa = PBXBuildFile; fileRef = 87ED7C942C18DA8F000B98F9 /* Assets.xcassets */; };
		87ED7C982C18DA8F000B98F9 /* Preview Assets.xcassets in Resources */ = {isa = PBXBuildFile; fileRef = 87ED7C972C18DA8F000B98F9 /* Preview Assets.xcassets */; };
		87ED7CA12C18DBD7000B98F9 /* WeatherPageView.swift in Sources */ = {isa = PBXBuildFile; fileRef = 87ED7CA02C18DBD7000B98F9 /* WeatherPageView.swift */; };
		87ED7CA32C18DBE7000B98F9 /* SearchPageView.swift in Sources */ = {isa = PBXBuildFile; fileRef = 87ED7CA22C18DBE7000B98F9 /* SearchPageView.swift */; };
		87ED7CA72C18DC2E000B98F9 /* WeatherPageViewModel.swift in Sources */ = {isa = PBXBuildFile; fileRef = 87ED7CA62C18DC2E000B98F9 /* WeatherPageViewModel.swift */; };
		87ED7CA92C18DC43000B98F9 /* SearchPageViewModel.swift in Sources */ = {isa = PBXBuildFile; fileRef = 87ED7CA82C18DC43000B98F9 /* SearchPageViewModel.swift */; };
		87ED7CAC2C18DF24000B98F9 /* NetworkingService in Frameworks */ = {isa = PBXBuildFile; productRef = 87ED7CAB2C18DF24000B98F9 /* NetworkingService */; };
		87ED7CAE2C18E23A000B98F9 /* Weather.swift in Sources */ = {isa = PBXBuildFile; fileRef = 87ED7CAD2C18E23A000B98F9 /* Weather.swift */; };
		87ED7CB22C199BFE000B98F9 /* CustomSearchBar.swift in Sources */ = {isa = PBXBuildFile; fileRef = 87ED7CB12C199BFE000B98F9 /* CustomSearchBar.swift */; };
		87ED7CB42C199C2C000B98F9 /* CitiesList.swift in Sources */ = {isa = PBXBuildFile; fileRef = 87ED7CB32C199C2C000B98F9 /* CitiesList.swift */; };
		BAA6A85B2C1990C900E60115 /* RainAnimationView.swift in Sources */ = {isa = PBXBuildFile; fileRef = BAA6A85A2C1990C900E60115 /* RainAnimationView.swift */; };
		BAA6A85D2C19BDD200E60115 /* SnowAnimationView.swift in Sources */ = {isa = PBXBuildFile; fileRef = BAA6A85C2C19BDD200E60115 /* SnowAnimationView.swift */; };
		BAA6A85F2C19C1E200E60115 /* CloudAnimationView.swift in Sources */ = {isa = PBXBuildFile; fileRef = BAA6A85E2C19C1E200E60115 /* CloudAnimationView.swift */; };
		BAA6A8612C19CB9300E60115 /* AllAnimationView.swift in Sources */ = {isa = PBXBuildFile; fileRef = BAA6A8602C19CB9200E60115 /* AllAnimationView.swift */; };
		BAA6A8632C19CF6F00E60115 /* SunMoonView.swift in Sources */ = {isa = PBXBuildFile; fileRef = BAA6A8622C19CF6F00E60115 /* SunMoonView.swift */; };
		CBEF02ED2C19BFFA001DCAB5 /* Sun.swift in Sources */ = {isa = PBXBuildFile; fileRef = CBEF02EC2C19BFFA001DCAB5 /* Sun.swift */; };
		CBEF02EF2C19D061001DCAB5 /* Birds.swift in Sources */ = {isa = PBXBuildFile; fileRef = CBEF02EE2C19D061001DCAB5 /* Birds.swift */; };
/* End PBXBuildFile section */

/* Begin PBXFileReference section */
		08C10D282C19B872004EADE3 /* DailyWeatherView.swift */ = {isa = PBXFileReference; lastKnownFileType = sourcecode.swift; path = DailyWeatherView.swift; sourceTree = "<group>"; };
		08C10D2A2C19F1B2004EADE3 /* DetailsInfoForCurrentWeather.swift */ = {isa = PBXFileReference; lastKnownFileType = sourcecode.swift; path = DetailsInfoForCurrentWeather.swift; sourceTree = "<group>"; };
		08C10D2C2C19F215004EADE3 /* LocationPicker.swift */ = {isa = PBXFileReference; lastKnownFileType = sourcecode.swift; path = LocationPicker.swift; sourceTree = "<group>"; };
		3B9B5A952C1A22A6009CBAFC /* Snow.sks */ = {isa = PBXFileReference; lastKnownFileType = file.sks; path = Snow.sks; sourceTree = "<group>"; };
		3B9B5A972C1A22B1009CBAFC /* Stars.sks */ = {isa = PBXFileReference; lastKnownFileType = file.sks; path = Stars.sks; sourceTree = "<group>"; };
		3B9B5A9A2C1A22F9009CBAFC /* RainView.swift */ = {isa = PBXFileReference; lastKnownFileType = sourcecode.swift; path = RainView.swift; sourceTree = "<group>"; };
		3B9B5A9C2C1A234D009CBAFC /* StarsView.swift */ = {isa = PBXFileReference; lastKnownFileType = sourcecode.swift; path = StarsView.swift; sourceTree = "<group>"; };
		3B9B5A9E2C1A2384009CBAFC /* SnowView.swift */ = {isa = PBXFileReference; lastKnownFileType = sourcecode.swift; path = SnowView.swift; sourceTree = "<group>"; };
		3B9B5AA22C1A26F8009CBAFC /* RainFall.sks */ = {isa = PBXFileReference; lastKnownFileType = file.sks; path = RainFall.sks; sourceTree = "<group>"; };
		873698132C1A4E4300918560 /* BriefWeather.swift */ = {isa = PBXFileReference; lastKnownFileType = sourcecode.swift; path = BriefWeather.swift; sourceTree = "<group>"; };
		873698152C1A50A000918560 /* CityAndWeather.swift */ = {isa = PBXFileReference; lastKnownFileType = sourcecode.swift; path = CityAndWeather.swift; sourceTree = "<group>"; };
		87ED7C8B2C18DA8D000B98F9 /* Collaboration2.app */ = {isa = PBXFileReference; explicitFileType = wrapper.application; includeInIndex = 0; path = Collaboration2.app; sourceTree = BUILT_PRODUCTS_DIR; };
		87ED7C8E2C18DA8D000B98F9 /* Collaboration2App.swift */ = {isa = PBXFileReference; lastKnownFileType = sourcecode.swift; path = Collaboration2App.swift; sourceTree = "<group>"; };
		87ED7C922C18DA8D000B98F9 /* City.swift */ = {isa = PBXFileReference; lastKnownFileType = sourcecode.swift; path = City.swift; sourceTree = "<group>"; };
		87ED7C942C18DA8F000B98F9 /* Assets.xcassets */ = {isa = PBXFileReference; lastKnownFileType = folder.assetcatalog; path = Assets.xcassets; sourceTree = "<group>"; };
		87ED7C972C18DA8F000B98F9 /* Preview Assets.xcassets */ = {isa = PBXFileReference; lastKnownFileType = folder.assetcatalog; path = "Preview Assets.xcassets"; sourceTree = "<group>"; };
		87ED7CA02C18DBD7000B98F9 /* WeatherPageView.swift */ = {isa = PBXFileReference; lastKnownFileType = sourcecode.swift; path = WeatherPageView.swift; sourceTree = "<group>"; };
		87ED7CA22C18DBE7000B98F9 /* SearchPageView.swift */ = {isa = PBXFileReference; lastKnownFileType = sourcecode.swift; path = SearchPageView.swift; sourceTree = "<group>"; };
		87ED7CA62C18DC2E000B98F9 /* WeatherPageViewModel.swift */ = {isa = PBXFileReference; lastKnownFileType = sourcecode.swift; path = WeatherPageViewModel.swift; sourceTree = "<group>"; };
		87ED7CA82C18DC43000B98F9 /* SearchPageViewModel.swift */ = {isa = PBXFileReference; lastKnownFileType = sourcecode.swift; path = SearchPageViewModel.swift; sourceTree = "<group>"; };
		87ED7CAD2C18E23A000B98F9 /* Weather.swift */ = {isa = PBXFileReference; lastKnownFileType = sourcecode.swift; path = Weather.swift; sourceTree = "<group>"; };
		87ED7CB12C199BFE000B98F9 /* CustomSearchBar.swift */ = {isa = PBXFileReference; lastKnownFileType = sourcecode.swift; path = CustomSearchBar.swift; sourceTree = "<group>"; };
		87ED7CB32C199C2C000B98F9 /* CitiesList.swift */ = {isa = PBXFileReference; lastKnownFileType = sourcecode.swift; path = CitiesList.swift; sourceTree = "<group>"; };
		BAA6A85A2C1990C900E60115 /* RainAnimationView.swift */ = {isa = PBXFileReference; lastKnownFileType = sourcecode.swift; path = RainAnimationView.swift; sourceTree = "<group>"; };
		BAA6A85C2C19BDD200E60115 /* SnowAnimationView.swift */ = {isa = PBXFileReference; lastKnownFileType = sourcecode.swift; path = SnowAnimationView.swift; sourceTree = "<group>"; };
		BAA6A85E2C19C1E200E60115 /* CloudAnimationView.swift */ = {isa = PBXFileReference; lastKnownFileType = sourcecode.swift; path = CloudAnimationView.swift; sourceTree = "<group>"; };
		BAA6A8602C19CB9200E60115 /* AllAnimationView.swift */ = {isa = PBXFileReference; lastKnownFileType = sourcecode.swift; path = AllAnimationView.swift; sourceTree = "<group>"; };
		BAA6A8622C19CF6F00E60115 /* SunMoonView.swift */ = {isa = PBXFileReference; lastKnownFileType = sourcecode.swift; path = SunMoonView.swift; sourceTree = "<group>"; };
		CBEF02EC2C19BFFA001DCAB5 /* Sun.swift */ = {isa = PBXFileReference; lastKnownFileType = sourcecode.swift; path = Sun.swift; sourceTree = "<group>"; };
		CBEF02EE2C19D061001DCAB5 /* Birds.swift */ = {isa = PBXFileReference; lastKnownFileType = sourcecode.swift; path = Birds.swift; sourceTree = "<group>"; };
/* End PBXFileReference section */

/* Begin PBXFrameworksBuildPhase section */
		87ED7C882C18DA8D000B98F9 /* Frameworks */ = {
			isa = PBXFrameworksBuildPhase;
			buildActionMask = 2147483647;
			files = (
				87ED7CAC2C18DF24000B98F9 /* NetworkingService in Frameworks */,
			);
			runOnlyForDeploymentPostprocessing = 0;
		};
/* End PBXFrameworksBuildPhase section */

/* Begin PBXGroup section */
		08C10D272C19B81F004EADE3 /* Picker,DetailsAndDailyViews */ = {
			isa = PBXGroup;
			children = (
				08C10D2C2C19F215004EADE3 /* LocationPicker.swift */,
				08C10D2A2C19F1B2004EADE3 /* DetailsInfoForCurrentWeather.swift */,
				08C10D282C19B872004EADE3 /* DailyWeatherView.swift */,
			);
			path = "Picker,DetailsAndDailyViews";
			sourceTree = "<group>";
		};
		3B9B5A8E2C1A21EE009CBAFC /* Spite Kit */ = {
			isa = PBXGroup;
			children = (
				3B9B5AA22C1A26F8009CBAFC /* RainFall.sks */,
				3B9B5A972C1A22B1009CBAFC /* Stars.sks */,
				3B9B5A952C1A22A6009CBAFC /* Snow.sks */,
			);
			path = "Spite Kit";
			sourceTree = "<group>";
		};
		3B9B5A992C1A22D4009CBAFC /* Animation */ = {
			isa = PBXGroup;
			children = (
				3B9B5A9A2C1A22F9009CBAFC /* RainView.swift */,
				3B9B5A9C2C1A234D009CBAFC /* StarsView.swift */,
				3B9B5A9E2C1A2384009CBAFC /* SnowView.swift */,
			);
			path = Animation;
			sourceTree = "<group>";
		};
		87ED7C822C18DA8D000B98F9 = {
			isa = PBXGroup;
			children = (
				87ED7C8D2C18DA8D000B98F9 /* Collaboration2 */,
				87ED7C8C2C18DA8D000B98F9 /* Products */,
			);
			sourceTree = "<group>";
		};
		87ED7C8C2C18DA8D000B98F9 /* Products */ = {
			isa = PBXGroup;
			children = (
				87ED7C8B2C18DA8D000B98F9 /* Collaboration2.app */,
			);
			name = Products;
			sourceTree = "<group>";
		};
		87ED7C8D2C18DA8D000B98F9 /* Collaboration2 */ = {
			isa = PBXGroup;
			children = (
				87ED7C8E2C18DA8D000B98F9 /* Collaboration2App.swift */,
				3B9B5A992C1A22D4009CBAFC /* Animation */,
				3B9B5A8E2C1A21EE009CBAFC /* Spite Kit */,
				87ED7C9F2C18DB8D000B98F9 /* Model */,
				87ED7C9E2C18DB81000B98F9 /* Scenes */,
				87ED7C942C18DA8F000B98F9 /* Assets.xcassets */,
				87ED7C962C18DA8F000B98F9 /* Preview Content */,
				BAA6A85A2C1990C900E60115 /* RainAnimationView.swift */,
				BAA6A85C2C19BDD200E60115 /* SnowAnimationView.swift */,
				BAA6A85E2C19C1E200E60115 /* CloudAnimationView.swift */,
				BAA6A8622C19CF6F00E60115 /* SunMoonView.swift */,
				BAA6A8602C19CB9200E60115 /* AllAnimationView.swift */,
			);
			path = Collaboration2;
			sourceTree = "<group>";
		};
		87ED7C962C18DA8F000B98F9 /* Preview Content */ = {
			isa = PBXGroup;
			children = (
				87ED7C972C18DA8F000B98F9 /* Preview Assets.xcassets */,
			);
			path = "Preview Content";
			sourceTree = "<group>";
		};
		87ED7C9E2C18DB81000B98F9 /* Scenes */ = {
			isa = PBXGroup;
			children = (
				87ED7CA42C18DBEC000B98F9 /* Weather Page */,
				87ED7CA52C18DBFC000B98F9 /* Search Page */,
			);
			path = Scenes;
			sourceTree = "<group>";
		};
		87ED7C9F2C18DB8D000B98F9 /* Model */ = {
			isa = PBXGroup;
			children = (
				87ED7C922C18DA8D000B98F9 /* City.swift */,
				87ED7CAD2C18E23A000B98F9 /* Weather.swift */,
				873698132C1A4E4300918560 /* BriefWeather.swift */,
				873698152C1A50A000918560 /* CityAndWeather.swift */,
			);
			path = Model;
			sourceTree = "<group>";
		};
		87ED7CA42C18DBEC000B98F9 /* Weather Page */ = {
			isa = PBXGroup;
			children = (
				CBEF02E92C19BFC1001DCAB5 /* Sun, Birds, Clouds */,
				87ED7CA02C18DBD7000B98F9 /* WeatherPageView.swift */,
				87ED7CA62C18DC2E000B98F9 /* WeatherPageViewModel.swift */,
				08C10D272C19B81F004EADE3 /* Picker,DetailsAndDailyViews */,
			);
			path = "Weather Page";
			sourceTree = "<group>";
		};
		87ED7CA52C18DBFC000B98F9 /* Search Page */ = {
			isa = PBXGroup;
			children = (
				87ED7CA22C18DBE7000B98F9 /* SearchPageView.swift */,
				87ED7CA82C18DC43000B98F9 /* SearchPageViewModel.swift */,
				87ED7CB12C199BFE000B98F9 /* CustomSearchBar.swift */,
				87ED7CB32C199C2C000B98F9 /* CitiesList.swift */,
			);
			path = "Search Page";
			sourceTree = "<group>";
		};
		CBEF02E92C19BFC1001DCAB5 /* Sun, Birds, Clouds */ = {
			isa = PBXGroup;
			children = (
				CBEF02EC2C19BFFA001DCAB5 /* Sun.swift */,
				CBEF02EE2C19D061001DCAB5 /* Birds.swift */,
			);
			path = "Sun, Birds, Clouds";
			sourceTree = "<group>";
		};
/* End PBXGroup section */

/* Begin PBXNativeTarget section */
		87ED7C8A2C18DA8D000B98F9 /* Collaboration2 */ = {
			isa = PBXNativeTarget;
			buildConfigurationList = 87ED7C9B2C18DA8F000B98F9 /* Build configuration list for PBXNativeTarget "Collaboration2" */;
			buildPhases = (
				87ED7C872C18DA8D000B98F9 /* Sources */,
				87ED7C882C18DA8D000B98F9 /* Frameworks */,
				87ED7C892C18DA8D000B98F9 /* Resources */,
			);
			buildRules = (
			);
			dependencies = (
			);
			name = Collaboration2;
			packageProductDependencies = (
				87ED7CAB2C18DF24000B98F9 /* NetworkingService */,
			);
			productName = Collaboration2;
			productReference = 87ED7C8B2C18DA8D000B98F9 /* Collaboration2.app */;
			productType = "com.apple.product-type.application";
		};
/* End PBXNativeTarget section */

/* Begin PBXProject section */
		87ED7C832C18DA8D000B98F9 /* Project object */ = {
			isa = PBXProject;
			attributes = {
				BuildIndependentTargetsInParallel = 1;
				LastSwiftUpdateCheck = 1540;
				LastUpgradeCheck = 1540;
				TargetAttributes = {
					87ED7C8A2C18DA8D000B98F9 = {
						CreatedOnToolsVersion = 15.4;
					};
				};
			};
			buildConfigurationList = 87ED7C862C18DA8D000B98F9 /* Build configuration list for PBXProject "Collaboration2" */;
			compatibilityVersion = "Xcode 14.0";
			developmentRegion = en;
			hasScannedForEncodings = 0;
			knownRegions = (
				en,
				Base,
			);
			mainGroup = 87ED7C822C18DA8D000B98F9;
			packageReferences = (
				87ED7CAA2C18DF24000B98F9 /* XCRemoteSwiftPackageReference "NetworkingService" */,
			);
			productRefGroup = 87ED7C8C2C18DA8D000B98F9 /* Products */;
			projectDirPath = "";
			projectRoot = "";
			targets = (
				87ED7C8A2C18DA8D000B98F9 /* Collaboration2 */,
			);
		};
/* End PBXProject section */

/* Begin PBXResourcesBuildPhase section */
		87ED7C892C18DA8D000B98F9 /* Resources */ = {
			isa = PBXResourcesBuildPhase;
			buildActionMask = 2147483647;
			files = (
				3B9B5A982C1A22B1009CBAFC /* Stars.sks in Resources */,
				87ED7C982C18DA8F000B98F9 /* Preview Assets.xcassets in Resources */,
				3B9B5A962C1A22A7009CBAFC /* Snow.sks in Resources */,
				3B9B5AA32C1A26F8009CBAFC /* RainFall.sks in Resources */,
				87ED7C952C18DA8F000B98F9 /* Assets.xcassets in Resources */,
			);
			runOnlyForDeploymentPostprocessing = 0;
		};
/* End PBXResourcesBuildPhase section */

/* Begin PBXSourcesBuildPhase section */
		87ED7C872C18DA8D000B98F9 /* Sources */ = {
			isa = PBXSourcesBuildPhase;
			buildActionMask = 2147483647;
			files = (
				3B9B5A9B2C1A22F9009CBAFC /* RainView.swift in Sources */,
				3B9B5A9D2C1A234D009CBAFC /* StarsView.swift in Sources */,
				08C10D292C19B872004EADE3 /* DailyWeatherView.swift in Sources */,
				87ED7CB42C199C2C000B98F9 /* CitiesList.swift in Sources */,
				87ED7CA32C18DBE7000B98F9 /* SearchPageView.swift in Sources */,
				87ED7CA12C18DBD7000B98F9 /* WeatherPageView.swift in Sources */,
				87ED7CA92C18DC43000B98F9 /* SearchPageViewModel.swift in Sources */,
				3B9B5A9F2C1A2384009CBAFC /* SnowView.swift in Sources */,
				CBEF02ED2C19BFFA001DCAB5 /* Sun.swift in Sources */,
				BAA6A8612C19CB9300E60115 /* AllAnimationView.swift in Sources */,
				87ED7CA72C18DC2E000B98F9 /* WeatherPageViewModel.swift in Sources */,
				873698162C1A50A000918560 /* CityAndWeather.swift in Sources */,
				CBEF02EF2C19D061001DCAB5 /* Birds.swift in Sources */,
				87ED7C932C18DA8D000B98F9 /* City.swift in Sources */,
				08C10D2D2C19F215004EADE3 /* LocationPicker.swift in Sources */,
				08C10D2B2C19F1B2004EADE3 /* DetailsInfoForCurrentWeather.swift in Sources */,
				87ED7C8F2C18DA8D000B98F9 /* Collaboration2App.swift in Sources */,
				87ED7CB22C199BFE000B98F9 /* CustomSearchBar.swift in Sources */,
				87ED7CAE2C18E23A000B98F9 /* Weather.swift in Sources */,
				BAA6A85B2C1990C900E60115 /* RainAnimationView.swift in Sources */,
				BAA6A85D2C19BDD200E60115 /* SnowAnimationView.swift in Sources */,
				BAA6A8632C19CF6F00E60115 /* SunMoonView.swift in Sources */,
				BAA6A85F2C19C1E200E60115 /* CloudAnimationView.swift in Sources */,
				873698142C1A4E4300918560 /* BriefWeather.swift in Sources */,
			);
			runOnlyForDeploymentPostprocessing = 0;
		};
/* End PBXSourcesBuildPhase section */

/* Begin XCBuildConfiguration section */
		87ED7C992C18DA8F000B98F9 /* Debug */ = {
			isa = XCBuildConfiguration;
			buildSettings = {
				ALWAYS_SEARCH_USER_PATHS = NO;
				ASSETCATALOG_COMPILER_GENERATE_SWIFT_ASSET_SYMBOL_EXTENSIONS = YES;
				CLANG_ANALYZER_NONNULL = YES;
				CLANG_ANALYZER_NUMBER_OBJECT_CONVERSION = YES_AGGRESSIVE;
				CLANG_CXX_LANGUAGE_STANDARD = "gnu++20";
				CLANG_ENABLE_MODULES = YES;
				CLANG_ENABLE_OBJC_ARC = YES;
				CLANG_ENABLE_OBJC_WEAK = YES;
				CLANG_WARN_BLOCK_CAPTURE_AUTORELEASING = YES;
				CLANG_WARN_BOOL_CONVERSION = YES;
				CLANG_WARN_COMMA = YES;
				CLANG_WARN_CONSTANT_CONVERSION = YES;
				CLANG_WARN_DEPRECATED_OBJC_IMPLEMENTATIONS = YES;
				CLANG_WARN_DIRECT_OBJC_ISA_USAGE = YES_ERROR;
				CLANG_WARN_DOCUMENTATION_COMMENTS = YES;
				CLANG_WARN_EMPTY_BODY = YES;
				CLANG_WARN_ENUM_CONVERSION = YES;
				CLANG_WARN_INFINITE_RECURSION = YES;
				CLANG_WARN_INT_CONVERSION = YES;
				CLANG_WARN_NON_LITERAL_NULL_CONVERSION = YES;
				CLANG_WARN_OBJC_IMPLICIT_RETAIN_SELF = YES;
				CLANG_WARN_OBJC_LITERAL_CONVERSION = YES;
				CLANG_WARN_OBJC_ROOT_CLASS = YES_ERROR;
				CLANG_WARN_QUOTED_INCLUDE_IN_FRAMEWORK_HEADER = YES;
				CLANG_WARN_RANGE_LOOP_ANALYSIS = YES;
				CLANG_WARN_STRICT_PROTOTYPES = YES;
				CLANG_WARN_SUSPICIOUS_MOVE = YES;
				CLANG_WARN_UNGUARDED_AVAILABILITY = YES_AGGRESSIVE;
				CLANG_WARN_UNREACHABLE_CODE = YES;
				CLANG_WARN__DUPLICATE_METHOD_MATCH = YES;
				COPY_PHASE_STRIP = NO;
				DEBUG_INFORMATION_FORMAT = dwarf;
				ENABLE_STRICT_OBJC_MSGSEND = YES;
				ENABLE_TESTABILITY = YES;
				ENABLE_USER_SCRIPT_SANDBOXING = YES;
				GCC_C_LANGUAGE_STANDARD = gnu17;
				GCC_DYNAMIC_NO_PIC = NO;
				GCC_NO_COMMON_BLOCKS = YES;
				GCC_OPTIMIZATION_LEVEL = 0;
				GCC_PREPROCESSOR_DEFINITIONS = (
					"DEBUG=1",
					"$(inherited)",
				);
				GCC_WARN_64_TO_32_BIT_CONVERSION = YES;
				GCC_WARN_ABOUT_RETURN_TYPE = YES_ERROR;
				GCC_WARN_UNDECLARED_SELECTOR = YES;
				GCC_WARN_UNINITIALIZED_AUTOS = YES_AGGRESSIVE;
				GCC_WARN_UNUSED_FUNCTION = YES;
				GCC_WARN_UNUSED_VARIABLE = YES;
				IPHONEOS_DEPLOYMENT_TARGET = 17.5;
				LOCALIZATION_PREFERS_STRING_CATALOGS = YES;
				MTL_ENABLE_DEBUG_INFO = INCLUDE_SOURCE;
				MTL_FAST_MATH = YES;
				ONLY_ACTIVE_ARCH = YES;
				SDKROOT = iphoneos;
				SWIFT_ACTIVE_COMPILATION_CONDITIONS = "DEBUG $(inherited)";
				SWIFT_OPTIMIZATION_LEVEL = "-Onone";
			};
			name = Debug;
		};
		87ED7C9A2C18DA8F000B98F9 /* Release */ = {
			isa = XCBuildConfiguration;
			buildSettings = {
				ALWAYS_SEARCH_USER_PATHS = NO;
				ASSETCATALOG_COMPILER_GENERATE_SWIFT_ASSET_SYMBOL_EXTENSIONS = YES;
				CLANG_ANALYZER_NONNULL = YES;
				CLANG_ANALYZER_NUMBER_OBJECT_CONVERSION = YES_AGGRESSIVE;
				CLANG_CXX_LANGUAGE_STANDARD = "gnu++20";
				CLANG_ENABLE_MODULES = YES;
				CLANG_ENABLE_OBJC_ARC = YES;
				CLANG_ENABLE_OBJC_WEAK = YES;
				CLANG_WARN_BLOCK_CAPTURE_AUTORELEASING = YES;
				CLANG_WARN_BOOL_CONVERSION = YES;
				CLANG_WARN_COMMA = YES;
				CLANG_WARN_CONSTANT_CONVERSION = YES;
				CLANG_WARN_DEPRECATED_OBJC_IMPLEMENTATIONS = YES;
				CLANG_WARN_DIRECT_OBJC_ISA_USAGE = YES_ERROR;
				CLANG_WARN_DOCUMENTATION_COMMENTS = YES;
				CLANG_WARN_EMPTY_BODY = YES;
				CLANG_WARN_ENUM_CONVERSION = YES;
				CLANG_WARN_INFINITE_RECURSION = YES;
				CLANG_WARN_INT_CONVERSION = YES;
				CLANG_WARN_NON_LITERAL_NULL_CONVERSION = YES;
				CLANG_WARN_OBJC_IMPLICIT_RETAIN_SELF = YES;
				CLANG_WARN_OBJC_LITERAL_CONVERSION = YES;
				CLANG_WARN_OBJC_ROOT_CLASS = YES_ERROR;
				CLANG_WARN_QUOTED_INCLUDE_IN_FRAMEWORK_HEADER = YES;
				CLANG_WARN_RANGE_LOOP_ANALYSIS = YES;
				CLANG_WARN_STRICT_PROTOTYPES = YES;
				CLANG_WARN_SUSPICIOUS_MOVE = YES;
				CLANG_WARN_UNGUARDED_AVAILABILITY = YES_AGGRESSIVE;
				CLANG_WARN_UNREACHABLE_CODE = YES;
				CLANG_WARN__DUPLICATE_METHOD_MATCH = YES;
				COPY_PHASE_STRIP = NO;
				DEBUG_INFORMATION_FORMAT = "dwarf-with-dsym";
				ENABLE_NS_ASSERTIONS = NO;
				ENABLE_STRICT_OBJC_MSGSEND = YES;
				ENABLE_USER_SCRIPT_SANDBOXING = YES;
				GCC_C_LANGUAGE_STANDARD = gnu17;
				GCC_NO_COMMON_BLOCKS = YES;
				GCC_WARN_64_TO_32_BIT_CONVERSION = YES;
				GCC_WARN_ABOUT_RETURN_TYPE = YES_ERROR;
				GCC_WARN_UNDECLARED_SELECTOR = YES;
				GCC_WARN_UNINITIALIZED_AUTOS = YES_AGGRESSIVE;
				GCC_WARN_UNUSED_FUNCTION = YES;
				GCC_WARN_UNUSED_VARIABLE = YES;
				IPHONEOS_DEPLOYMENT_TARGET = 17.5;
				LOCALIZATION_PREFERS_STRING_CATALOGS = YES;
				MTL_ENABLE_DEBUG_INFO = NO;
				MTL_FAST_MATH = YES;
				SDKROOT = iphoneos;
				SWIFT_COMPILATION_MODE = wholemodule;
				VALIDATE_PRODUCT = YES;
			};
			name = Release;
		};
		87ED7C9C2C18DA8F000B98F9 /* Debug */ = {
			isa = XCBuildConfiguration;
			buildSettings = {
				ASSETCATALOG_COMPILER_APPICON_NAME = AppIcon;
				ASSETCATALOG_COMPILER_GLOBAL_ACCENT_COLOR_NAME = AccentColor;
				CODE_SIGN_STYLE = Automatic;
				CURRENT_PROJECT_VERSION = 1;
				DEVELOPMENT_ASSET_PATHS = "\"Collaboration2/Preview Content\"";
				DEVELOPMENT_TEAM = 3AD552Z95A;
				ENABLE_PREVIEWS = YES;
				GENERATE_INFOPLIST_FILE = YES;
				INFOPLIST_KEY_UIApplicationSceneManifest_Generation = YES;
				INFOPLIST_KEY_UIApplicationSupportsIndirectInputEvents = YES;
				INFOPLIST_KEY_UILaunchScreen_Generation = YES;
				INFOPLIST_KEY_UISupportedInterfaceOrientations_iPad = "UIInterfaceOrientationPortrait UIInterfaceOrientationPortraitUpsideDown UIInterfaceOrientationLandscapeLeft UIInterfaceOrientationLandscapeRight";
				INFOPLIST_KEY_UISupportedInterfaceOrientations_iPhone = "UIInterfaceOrientationPortrait UIInterfaceOrientationLandscapeLeft UIInterfaceOrientationLandscapeRight";
				IPHONEOS_DEPLOYMENT_TARGET = 17.0;
				LD_RUNPATH_SEARCH_PATHS = (
					"$(inherited)",
					"@executable_path/Frameworks",
				);
				MARKETING_VERSION = 1.0;
				PRODUCT_BUNDLE_IDENTIFIER = ge.academy.Collaboration2;
				PRODUCT_NAME = "$(TARGET_NAME)";
				SWIFT_EMIT_LOC_STRINGS = YES;
				SWIFT_VERSION = 5.0;
				TARGETED_DEVICE_FAMILY = "1,2";
			};
			name = Debug;
		};
		87ED7C9D2C18DA8F000B98F9 /* Release */ = {
			isa = XCBuildConfiguration;
			buildSettings = {
				ASSETCATALOG_COMPILER_APPICON_NAME = AppIcon;
				ASSETCATALOG_COMPILER_GLOBAL_ACCENT_COLOR_NAME = AccentColor;
				CODE_SIGN_STYLE = Automatic;
				CURRENT_PROJECT_VERSION = 1;
				DEVELOPMENT_ASSET_PATHS = "\"Collaboration2/Preview Content\"";
				DEVELOPMENT_TEAM = 3AD552Z95A;
				ENABLE_PREVIEWS = YES;
				GENERATE_INFOPLIST_FILE = YES;
				INFOPLIST_KEY_UIApplicationSceneManifest_Generation = YES;
				INFOPLIST_KEY_UIApplicationSupportsIndirectInputEvents = YES;
				INFOPLIST_KEY_UILaunchScreen_Generation = YES;
				INFOPLIST_KEY_UISupportedInterfaceOrientations_iPad = "UIInterfaceOrientationPortrait UIInterfaceOrientationPortraitUpsideDown UIInterfaceOrientationLandscapeLeft UIInterfaceOrientationLandscapeRight";
				INFOPLIST_KEY_UISupportedInterfaceOrientations_iPhone = "UIInterfaceOrientationPortrait UIInterfaceOrientationLandscapeLeft UIInterfaceOrientationLandscapeRight";
				IPHONEOS_DEPLOYMENT_TARGET = 17.0;
				LD_RUNPATH_SEARCH_PATHS = (
					"$(inherited)",
					"@executable_path/Frameworks",
				);
				MARKETING_VERSION = 1.0;
				PRODUCT_BUNDLE_IDENTIFIER = ge.academy.Collaboration2;
				PRODUCT_NAME = "$(TARGET_NAME)";
				SWIFT_EMIT_LOC_STRINGS = YES;
				SWIFT_VERSION = 5.0;
				TARGETED_DEVICE_FAMILY = "1,2";
			};
			name = Release;
		};
/* End XCBuildConfiguration section */

/* Begin XCConfigurationList section */
		87ED7C862C18DA8D000B98F9 /* Build configuration list for PBXProject "Collaboration2" */ = {
			isa = XCConfigurationList;
			buildConfigurations = (
				87ED7C992C18DA8F000B98F9 /* Debug */,
				87ED7C9A2C18DA8F000B98F9 /* Release */,
			);
			defaultConfigurationIsVisible = 0;
			defaultConfigurationName = Release;
		};
		87ED7C9B2C18DA8F000B98F9 /* Build configuration list for PBXNativeTarget "Collaboration2" */ = {
			isa = XCConfigurationList;
			buildConfigurations = (
				87ED7C9C2C18DA8F000B98F9 /* Debug */,
				87ED7C9D2C18DA8F000B98F9 /* Release */,
			);
			defaultConfigurationIsVisible = 0;
			defaultConfigurationName = Release;
		};
/* End XCConfigurationList section */

/* Begin XCRemoteSwiftPackageReference section */
		87ED7CAA2C18DF24000B98F9 /* XCRemoteSwiftPackageReference "NetworkingService" */ = {
			isa = XCRemoteSwiftPackageReference;
			repositoryURL = "https://github.com/nuca01/NetworkingService";
			requirement = {
				branch = main;
				kind = branch;
			};
		};
/* End XCRemoteSwiftPackageReference section */

/* Begin XCSwiftPackageProductDependency section */
		87ED7CAB2C18DF24000B98F9 /* NetworkingService */ = {
			isa = XCSwiftPackageProductDependency;
			package = 87ED7CAA2C18DF24000B98F9 /* XCRemoteSwiftPackageReference "NetworkingService" */;
			productName = NetworkingService;
		};
/* End XCSwiftPackageProductDependency section */
	};
	rootObject = 87ED7C832C18DA8D000B98F9 /* Project object */;
}
